
Microsoft Visual Studio Solution File, Format Version 12.00
# Visual Studio 2012
Project("{FAE04EC0-301F-11D3-BF4B-00C04F79EFBC}") = "WpfApplicationBar", "WpfApplicationBar.csproj", "{03B97A5E-D9FB-49A6-8A56-A6BC09CE78E8}"
EndProject
Project("{FAE04EC0-301F-11D3-BF4B-00C04F79EFBC}") = "WpfApplicationBar.Sample", "Sample\WpfApplicationBar.Sample.csproj", "{A047A6D9-4485-45D8-832F-5DC58517F7F3}"
EndProject
Global
	GlobalSection(SolutionConfigurationPlatforms) = preSolution
		Debug|Any CPU = Debug|Any CPU
		Release|Any CPU = Release|Any CPU
	EndGlobalSection
	GlobalSection(ProjectConfigurationPlatforms) = postSolution
		{03B97A5E-D9FB-49A6-8A56-A6BC09CE78E8}.Debug|Any CPU.ActiveCfg = Debug|Any CPU
		{03B97A5E-D9FB-49A6-8A56-A6BC09CE78E8}.Debug|Any CPU.Build.0 = Debug|Any CPU
		{03B97A5E-D9FB-49A6-8A56-A6BC09CE78E8}.Release|Any CPU.ActiveCfg = Release|Any CPU
		{03B97A5E-D9FB-49A6-8A56-A6BC09CE78E8}.Release|Any CPU.Build.0 = Release|Any CPU
		{A047A6D9-4485-45D8-832F-5DC58517F7F3}.Debug|Any CPU.ActiveCfg = Debug|Any CPU
		{A047A6D9-4485-45D8-832F-5DC58517F7F3}.Debug|Any CPU.Build.0 = Debug|Any CPU
		{A047A6D9-4485-45D8-832F-5DC58517F7F3}.Release|Any CPU.ActiveCfg = Release|Any CPU
		{A047A6D9-4485-45D8-832F-5DC58517F7F3}.Release|Any CPU.Build.0 = Release|Any CPU
	EndGlobalSection
	GlobalSection(SolutionProperties) = preSolution
		HideSolutionNode = FALSE
	EndGlobalSection
EndGlobal
